
Microsoft Visual Studio Solution File, Format Version 12.00
# Visual Studio Version 17
VisualStudioVersion = 17.6.33801.468
MinimumVisualStudioVersion = 10.0.40219.1
Project("{FAE04EC0-301F-11D3-BF4B-00C04F79EFBC}") = "BlazorChatSignalR.Server", "BlazorChatSignalR\Server\BlazorChatSignalR.Server.csproj", "{3CB0D994-CDF6-409F-BF8E-73C5BDD3BBD9}"
EndProject
Project("{FAE04EC0-301F-11D3-BF4B-00C04F79EFBC}") = "BlazorChatSignalR.Client", "BlazorChatSignalR\Client\BlazorChatSignalR.Client.csproj", "{2ADF91DA-DAE8-40EF-8F14-41A540DD9877}"
EndProject
Project("{FAE04EC0-301F-11D3-BF4B-00C04F79EFBC}") = "BlazorChatSignalR.Shared", "BlazorChatSignalR\Shared\BlazorChatSignalR.Shared.csproj", "{29BC6D8D-20E5-461A-9DEA-F66C306199B0}"
EndProject
Global
	GlobalSection(SolutionConfigurationPlatforms) = preSolution
		Debug|Any CPU = Debug|Any CPU
		Release|Any CPU = Release|Any CPU
	EndGlobalSection
	GlobalSection(ProjectConfigurationPlatforms) = postSolution
		{3CB0D994-CDF6-409F-BF8E-73C5BDD3BBD9}.Debug|Any CPU.ActiveCfg = Debug|Any CPU
		{3CB0D994-CDF6-409F-BF8E-73C5BDD3BBD9}.Debug|Any CPU.Build.0 = Debug|Any CPU
		{3CB0D994-CDF6-409F-BF8E-73C5BDD3BBD9}.Release|Any CPU.ActiveCfg = Release|Any CPU
		{3CB0D994-CDF6-409F-BF8E-73C5BDD3BBD9}.Release|Any CPU.Build.0 = Release|Any CPU
		{2ADF91DA-DAE8-40EF-8F14-41A540DD9877}.Debug|Any CPU.ActiveCfg = Debug|Any CPU
		{2ADF91DA-DAE8-40EF-8F14-41A540DD9877}.Debug|Any CPU.Build.0 = Debug|Any CPU
		{2ADF91DA-DAE8-40EF-8F14-41A540DD9877}.Release|Any CPU.ActiveCfg = Release|Any CPU
		{2ADF91DA-DAE8-40EF-8F14-41A540DD9877}.Release|Any CPU.Build.0 = Release|Any CPU
		{29BC6D8D-20E5-461A-9DEA-F66C306199B0}.Debug|Any CPU.ActiveCfg = Debug|Any CPU
		{29BC6D8D-20E5-461A-9DEA-F66C306199B0}.Debug|Any CPU.Build.0 = Debug|Any CPU
		{29BC6D8D-20E5-461A-9DEA-F66C306199B0}.Release|Any CPU.ActiveCfg = Release|Any CPU
		{29BC6D8D-20E5-461A-9DEA-F66C306199B0}.Release|Any CPU.Build.0 = Release|Any CPU
	EndGlobalSection
	GlobalSection(SolutionProperties) = preSolution
		HideSolutionNode = FALSE
	EndGlobalSection
	GlobalSection(ExtensibilityGlobals) = postSolution
		SolutionGuid = {5210F48C-2B3C-4FEB-ABB4-DCB5A3DAC94A}
	EndGlobalSection
EndGlobal
